// !$*UTF8*$!
{
	archiveVersion = 1;
	classes = {
	};
	objectVersion = 46;
	objects = {

/* Begin PBXBuildFile section */
		C99D598C1E286EA7000C8C98 /* AppDelegate.swift in Sources */ = {isa = PBXBuildFile; fileRef = C99D598B1E286EA7000C8C98 /* AppDelegate.swift */; };
		C99D59911E286EA7000C8C98 /* Main.storyboard in Resources */ = {isa = PBXBuildFile; fileRef = C99D598F1E286EA7000C8C98 /* Main.storyboard */; };
		C99D59931E286EA7000C8C98 /* Assets.xcassets in Resources */ = {isa = PBXBuildFile; fileRef = C99D59921E286EA7000C8C98 /* Assets.xcassets */; };
		C99D59961E286EA7000C8C98 /* LaunchScreen.storyboard in Resources */ = {isa = PBXBuildFile; fileRef = C99D59941E286EA7000C8C98 /* LaunchScreen.storyboard */; };
		C99D599E1E286F12000C8C98 /* MoviesViewController.swift in Sources */ = {isa = PBXBuildFile; fileRef = C99D599D1E286F12000C8C98 /* MoviesViewController.swift */; };
		C99D59A11E29DCE6000C8C98 /* MovieCell.swift in Sources */ = {isa = PBXBuildFile; fileRef = C99D59A01E29DCE6000C8C98 /* MovieCell.swift */; };
		C9D355B01E3942BD00A2EE1E /* DetailViewController.swift in Sources */ = {isa = PBXBuildFile; fileRef = C9D355AF1E3942BD00A2EE1E /* DetailViewController.swift */; };
		D68D1424309A6486949412B2 /* Pods_MovieViewer.framework in Frameworks */ = {isa = PBXBuildFile; fileRef = 2780B9684E0543600A352802 /* Pods_MovieViewer.framework */; };
/* End PBXBuildFile section */

/* Begin PBXFileReference section */
		2780B9684E0543600A352802 /* Pods_MovieViewer.framework */ = {isa = PBXFileReference; explicitFileType = wrapper.framework; includeInIndex = 0; path = Pods_MovieViewer.framework; sourceTree = BUILT_PRODUCTS_DIR; };
		3C7B562C5A11A2A592F5C3F2 /* Pods-MovieViewer.release.xcconfig */ = {isa = PBXFileReference; includeInIndex = 1; lastKnownFileType = text.xcconfig; name = "Pods-MovieViewer.release.xcconfig"; path = "Pods/Target Support Files/Pods-MovieViewer/Pods-MovieViewer.release.xcconfig"; sourceTree = "<group>"; };
		C99D59881E286EA7000C8C98 /* MovieViewer.app */ = {isa = PBXFileReference; explicitFileType = wrapper.application; includeInIndex = 0; path = MovieViewer.app; sourceTree = BUILT_PRODUCTS_DIR; };
		C99D598B1E286EA7000C8C98 /* AppDelegate.swift */ = {isa = PBXFileReference; lastKnownFileType = sourcecode.swift; path = AppDelegate.swift; sourceTree = "<group>"; };
		C99D59901E286EA7000C8C98 /* Base */ = {isa = PBXFileReference; lastKnownFileType = file.storyboard; name = Base; path = Base.lproj/Main.storyboard; sourceTree = "<group>"; };
		C99D59921E286EA7000C8C98 /* Assets.xcassets */ = {isa = PBXFileReference; lastKnownFileType = folder.assetcatalog; path = Assets.xcassets; sourceTree = "<group>"; };
		C99D59951E286EA7000C8C98 /* Base */ = {isa = PBXFileReference; lastKnownFileType = file.storyboard; name = Base; path = Base.lproj/LaunchScreen.storyboard; sourceTree = "<group>"; };
		C99D59971E286EA7000C8C98 /* Info.plist */ = {isa = PBXFileReference; lastKnownFileType = text.plist.xml; path = Info.plist; sourceTree = "<group>"; };
		C99D599D1E286F12000C8C98 /* MoviesViewController.swift */ = {isa = PBXFileReference; fileEncoding = 4; lastKnownFileType = sourcecode.swift; path = MoviesViewController.swift; sourceTree = "<group>"; };
		C99D59A01E29DCE6000C8C98 /* MovieCell.swift */ = {isa = PBXFileReference; fileEncoding = 4; lastKnownFileType = sourcecode.swift; path = MovieCell.swift; sourceTree = "<group>"; };
		C9D355AF1E3942BD00A2EE1E /* DetailViewController.swift */ = {isa = PBXFileReference; fileEncoding = 4; lastKnownFileType = sourcecode.swift; path = DetailViewController.swift; sourceTree = "<group>"; };
		CD0AA7761DB71328B768669F /* Pods-MovieViewer.debug.xcconfig */ = {isa = PBXFileReference; includeInIndex = 1; lastKnownFileType = text.xcconfig; name = "Pods-MovieViewer.debug.xcconfig"; path = "Pods/Target Support Files/Pods-MovieViewer/Pods-MovieViewer.debug.xcconfig"; sourceTree = "<group>"; };
/* End PBXFileReference section */

/* Begin PBXFrameworksBuildPhase section */
		C99D59851E286EA7000C8C98 /* Frameworks */ = {
			isa = PBXFrameworksBuildPhase;
			buildActionMask = 2147483647;
			files = (
				D68D1424309A6486949412B2 /* Pods_MovieViewer.framework in Frameworks */,
			);
			runOnlyForDeploymentPostprocessing = 0;
		};
/* End PBXFrameworksBuildPhase section */

/* Begin PBXGroup section */
		0620A66BABD3692969CB3DC4 /* Frameworks */ = {
			isa = PBXGroup;
			children = (
				2780B9684E0543600A352802 /* Pods_MovieViewer.framework */,
			);
			name = Frameworks;
			sourceTree = "<group>";
		};
		BE0C8C9953433BC12BCC0F3B /* Pods */ = {
			isa = PBXGroup;
			children = (
				CD0AA7761DB71328B768669F /* Pods-MovieViewer.debug.xcconfig */,
				3C7B562C5A11A2A592F5C3F2 /* Pods-MovieViewer.release.xcconfig */,
			);
			name = Pods;
			sourceTree = "<group>";
		};
		C99D597F1E286EA7000C8C98 = {
			isa = PBXGroup;
			children = (
				C99D598A1E286EA7000C8C98 /* MovieViewer */,
				C99D59891E286EA7000C8C98 /* Products */,
				BE0C8C9953433BC12BCC0F3B /* Pods */,
				0620A66BABD3692969CB3DC4 /* Frameworks */,
			);
			sourceTree = "<group>";
		};
		C99D59891E286EA7000C8C98 /* Products */ = {
			isa = PBXGroup;
			children = (
				C99D59881E286EA7000C8C98 /* MovieViewer.app */,
			);
			name = Products;
			sourceTree = "<group>";
		};
		C99D598A1E286EA7000C8C98 /* MovieViewer */ = {
			isa = PBXGroup;
			children = (
				C99D59A21E29DCF1000C8C98 /* View Controllers */,
				C99D599F1E29DCC5000C8C98 /* Views */,
				C99D598B1E286EA7000C8C98 /* AppDelegate.swift */,
				C99D598F1E286EA7000C8C98 /* Main.storyboard */,
				C99D59921E286EA7000C8C98 /* Assets.xcassets */,
				C99D59941E286EA7000C8C98 /* LaunchScreen.storyboard */,
				C99D59971E286EA7000C8C98 /* Info.plist */,
			);
			path = MovieViewer;
			sourceTree = "<group>";
		};
		C99D599F1E29DCC5000C8C98 /* Views */ = {
			isa = PBXGroup;
			children = (
				C99D59A01E29DCE6000C8C98 /* MovieCell.swift */,
			);
			name = Views;
			sourceTree = "<group>";
		};
		C99D59A21E29DCF1000C8C98 /* View Controllers */ = {
			isa = PBXGroup;
			children = (
				C99D599D1E286F12000C8C98 /* MoviesViewController.swift */,
				C9D355AF1E3942BD00A2EE1E /* DetailViewController.swift */,
			);
			name = "View Controllers";
			sourceTree = "<group>";
		};
/* End PBXGroup section */

/* Begin PBXNativeTarget section */
		C99D59871E286EA7000C8C98 /* MovieViewer */ = {
			isa = PBXNativeTarget;
			buildConfigurationList = C99D599A1E286EA7000C8C98 /* Build configuration list for PBXNativeTarget "MovieViewer" */;
			buildPhases = (
				B1D5B00A4DDA5D37E07383D5 /* [CP] Check Pods Manifest.lock */,
				C99D59841E286EA7000C8C98 /* Sources */,
				C99D59851E286EA7000C8C98 /* Frameworks */,
				C99D59861E286EA7000C8C98 /* Resources */,
				F7DAC33884A7C8832FCE1665 /* [CP] Embed Pods Frameworks */,
				75712A9E97BE8FB3CA066417 /* [CP] Copy Pods Resources */,
			);
			buildRules = (
			);
			dependencies = (
			);
			name = MovieViewer;
			productName = MovieViewer;
			productReference = C99D59881E286EA7000C8C98 /* MovieViewer.app */;
			productType = "com.apple.product-type.application";
		};
/* End PBXNativeTarget section */

/* Begin PBXProject section */
		C99D59801E286EA7000C8C98 /* Project object */ = {
			isa = PBXProject;
			attributes = {
				LastSwiftUpdateCheck = 0820;
				LastUpgradeCheck = 0820;
				ORGANIZATIONNAME = "Timothy Mak";
				TargetAttributes = {
					C99D59871E286EA7000C8C98 = {
						CreatedOnToolsVersion = 8.2.1;
						ProvisioningStyle = Automatic;
					};
				};
			};
			buildConfigurationList = C99D59831E286EA7000C8C98 /* Build configuration list for PBXProject "MovieViewer" */;
			compatibilityVersion = "Xcode 3.2";
			developmentRegion = English;
			hasScannedForEncodings = 0;
			knownRegions = (
				en,
				Base,
			);
			mainGroup = C99D597F1E286EA7000C8C98;
			productRefGroup = C99D59891E286EA7000C8C98 /* Products */;
			projectDirPath = "";
			projectRoot = "";
			targets = (
				C99D59871E286EA7000C8C98 /* MovieViewer */,
			);
		};
/* End PBXProject section */

/* Begin PBXResourcesBuildPhase section */
		C99D59861E286EA7000C8C98 /* Resources */ = {
			isa = PBXResourcesBuildPhase;
			buildActionMask = 2147483647;
			files = (
				C99D59961E286EA7000C8C98 /* LaunchScreen.storyboard in Resources */,
				C99D59931E286EA7000C8C98 /* Assets.xcassets in Resources */,
				C99D59911E286EA7000C8C98 /* Main.storyboard in Resources */,
			);
			runOnlyForDeploymentPostprocessing = 0;
		};
/* End PBXResourcesBuildPhase section */

/* Begin PBXShellScriptBuildPhase section */
		75712A9E97BE8FB3CA066417 /* [CP] Copy Pods Resources */ = {
			isa = PBXShellScriptBuildPhase;
			buildActionMask = 2147483647;
			files = (
			);
			inputPaths = (
			);
			name = "[CP] Copy Pods Resources";
			outputPaths = (
			);
			runOnlyForDeploymentPostprocessing = 0;
			shellPath = /bin/sh;
			shellScript = "\"${SRCROOT}/Pods/Target Support Files/Pods-MovieViewer/Pods-MovieViewer-resources.sh\"\n";
			showEnvVarsInLog = 0;
		};
		B1D5B00A4DDA5D37E07383D5 /* [CP] Check Pods Manifest.lock */ = {
			isa = PBXShellScriptBuildPhase;
			buildActionMask = 2147483647;
			files = (
			);
			inputPaths = (
			);
			name = "[CP] Check Pods Manifest.lock";
			outputPaths = (
			);
			runOnlyForDeploymentPostprocessing = 0;
			shellPath = /bin/sh;
			shellScript = "diff \"${PODS_ROOT}/../Podfile.lock\" \"${PODS_ROOT}/Manifest.lock\" > /dev/null\nif [ $? != 0 ] ; then\n    # print error to STDERR\n    echo \"error: The sandbox is not in sync with the Podfile.lock. Run 'pod install' or update your CocoaPods installation.\" >&2\n    exit 1\nfi\n";
			showEnvVarsInLog = 0;
		};
		F7DAC33884A7C8832FCE1665 /* [CP] Embed Pods Frameworks */ = {
			isa = PBXShellScriptBuildPhase;
			buildActionMask = 2147483647;
			files = (
			);
			inputPaths = (
			);
			name = "[CP] Embed Pods Frameworks";
			outputPaths = (
			);
			runOnlyForDeploymentPostprocessing = 0;
			shellPath = /bin/sh;
			shellScript = "\"${SRCROOT}/Pods/Target Support Files/Pods-MovieViewer/Pods-MovieViewer-frameworks.sh\"\n";
			showEnvVarsInLog = 0;
		};
/* End PBXShellScriptBuildPhase section */

/* Begin PBXSourcesBuildPhase section */
		C99D59841E286EA7000C8C98 /* Sources */ = {
			isa = PBXSourcesBuildPhase;
			buildActionMask = 2147483647;
			files = (
				C99D598C1E286EA7000C8C98 /* AppDelegate.swift in Sources */,
				C99D599E1E286F12000C8C98 /* MoviesViewController.swift in Sources */,
				C99D59A11E29DCE6000C8C98 /* MovieCell.swift in Sources */,
				C9D355B01E3942BD00A2EE1E /* DetailViewController.swift in Sources */,
			);
			runOnlyForDeploymentPostprocessing = 0;
		};
/* End PBXSourcesBuildPhase section */

/* Begin PBXVariantGroup section */
		C99D598F1E286EA7000C8C98 /* Main.storyboard */ = {
			isa = PBXVariantGroup;
			children = (
				C99D59901E286EA7000C8C98 /* Base */,
			);
			name = Main.storyboard;
			sourceTree = "<group>";
		};
		C99D59941E286EA7000C8C98 /* LaunchScreen.storyboard */ = {
			isa = PBXVariantGroup;
			children = (
				C99D59951E286EA7000C8C98 /* Base */,
			);
			name = LaunchScreen.storyboard;
			sourceTree = "<group>";
		};
/* End PBXVariantGroup section */

/* Begin XCBuildConfiguration section */
		C99D59981E286EA7000C8C98 /* Debug */ = {
			isa = XCBuildConfiguration;
			buildSettings = {
				ALWAYS_SEARCH_USER_PATHS = NO;
				CLANG_ANALYZER_NONNULL = YES;
				CLANG_CXX_LANGUAGE_STANDARD = "gnu++0x";
				CLANG_CXX_LIBRARY = "libc++";
				CLANG_ENABLE_MODULES = YES;
				CLANG_ENABLE_OBJC_ARC = YES;
				CLANG_WARN_BOOL_CONVERSION = YES;
				CLANG_WARN_CONSTANT_CONVERSION = YES;
				CLANG_WARN_DIRECT_OBJC_ISA_USAGE = YES_ERROR;
				CLANG_WARN_DOCUMENTATION_COMMENTS = YES;
				CLANG_WARN_EMPTY_BODY = YES;
				CLANG_WARN_ENUM_CONVERSION = YES;
				CLANG_WARN_INFINITE_RECURSION = YES;
				CLANG_WARN_INT_CONVERSION = YES;
				CLANG_WARN_OBJC_ROOT_CLASS = YES_ERROR;
				CLANG_WARN_SUSPICIOUS_MOVE = YES;
				CLANG_WARN_UNREACHABLE_CODE = YES;
				CLANG_WARN__DUPLICATE_METHOD_MATCH = YES;
				"CODE_SIGN_IDENTITY[sdk=iphoneos*]" = "iPhone Developer";
				COPY_PHASE_STRIP = NO;
				DEBUG_INFORMATION_FORMAT = dwarf;
				ENABLE_STRICT_OBJC_MSGSEND = YES;
				ENABLE_TESTABILITY = YES;
				GCC_C_LANGUAGE_STANDARD = gnu99;
				GCC_DYNAMIC_NO_PIC = NO;
				GCC_NO_COMMON_BLOCKS = YES;
				GCC_OPTIMIZATION_LEVEL = 0;
				GCC_PREPROCESSOR_DEFINITIONS = (
					"DEBUG=1",
					"$(inherited)",
				);
				GCC_WARN_64_TO_32_BIT_CONVERSION = YES;
				GCC_WARN_ABOUT_RETURN_TYPE = YES_ERROR;
				GCC_WARN_UNDECLARED_SELECTOR = YES;
				GCC_WARN_UNINITIALIZED_AUTOS = YES_AGGRESSIVE;
				GCC_WARN_UNUSED_FUNCTION = YES;
				GCC_WARN_UNUSED_VARIABLE = YES;
				IPHONEOS_DEPLOYMENT_TARGET = 10.2;
				MTL_ENABLE_DEBUG_INFO = YES;
				ONLY_ACTIVE_ARCH = YES;
				SDKROOT = iphoneos;
				SWIFT_ACTIVE_COMPILATION_CONDITIONS = DEBUG;
				SWIFT_OPTIMIZATION_LEVEL = "-Onone";
			};
			name = Debug;
		};
		C99D59991E286EA7000C8C98 /* Release */ = {
			isa = XCBuildConfiguration;
			buildSettings = {
				ALWAYS_SEARCH_USER_PATHS = NO;
				CLANG_ANALYZER_NONNULL = YES;
				CLANG_CXX_LANGUAGE_STANDARD = "gnu++0x";
				CLANG_CXX_LIBRARY = "libc++";
				CLANG_ENABLE_MODULES = YES;
				CLANG_ENABLE_OBJC_ARC = YES;
				CLANG_WARN_BOOL_CONVERSION = YES;
				CLANG_WARN_CONSTANT_CONVERSION = YES;
				CLANG_WARN_DIRECT_OBJC_ISA_USAGE = YES_ERROR;
				CLANG_WARN_DOCUMENTATION_COMMENTS = YES;
				CLANG_WARN_EMPTY_BODY = YES;
				CLANG_WARN_ENUM_CONVERSION = YES;
				CLANG_WARN_INFINITE_RECURSION = YES;
				CLANG_WARN_INT_CONVERSION = YES;
				CLANG_WARN_OBJC_ROOT_CLASS = YES_ERROR;
				CLANG_WARN_SUSPICIOUS_MOVE = YES;
				CLANG_WARN_UNREACHABLE_CODE = YES;
				CLANG_WARN__DUPLICATE_METHOD_MATCH = YES;
				"CODE_SIGN_IDENTITY[sdk=iphoneos*]" = "iPhone Developer";
				COPY_PHASE_STRIP = NO;
				DEBUG_INFORMATION_FORMAT = "dwarf-with-dsym";
				ENABLE_NS_ASSERTIONS = NO;
				ENABLE_STRICT_OBJC_MSGSEND = YES;
				GCC_C_LANGUAGE_STANDARD = gnu99;
				GCC_NO_COMMON_BLOCKS = YES;
				GCC_WARN_64_TO_32_BIT_CONVERSION = YES;
				GCC_WARN_ABOUT_RETURN_TYPE = YES_ERROR;
				GCC_WARN_UNDECLARED_SELECTOR = YES;
				GCC_WARN_UNINITIALIZED_AUTOS = YES_AGGRESSIVE;
				GCC_WARN_UNUSED_FUNCTION = YES;
				GCC_WARN_UNUSED_VARIABLE = YES;
				IPHONEOS_DEPLOYMENT_TARGET = 10.2;
				MTL_ENABLE_DEBUG_INFO = NO;
				SDKROOT = iphoneos;
				SWIFT_OPTIMIZATION_LEVEL = "-Owholemodule";
				VALIDATE_PRODUCT = YES;
			};
			name = Release;
		};
		C99D599B1E286EA7000C8C98 /* Debug */ = {
			isa = XCBuildConfiguration;
			baseConfigurationReference = CD0AA7761DB71328B768669F /* Pods-MovieViewer.debug.xcconfig */;
			buildSettings = {
				ASSETCATALOG_COMPILER_APPICON_NAME = AppIcon;
				INFOPLIST_FILE = MovieViewer/Info.plist;
				LD_RUNPATH_SEARCH_PATHS = "$(inherited) @executable_path/Frameworks";
				PRODUCT_BUNDLE_IDENTIFIER = "com.timothy-mak.MovieViewer";
				PRODUCT_NAME = "$(TARGET_NAME)";
				SWIFT_VERSION = 3.0;
			};
			name = Debug;
		};
		C99D599C1E286EA7000C8C98 /* Release */ = {
			isa = XCBuildConfiguration;
			baseConfigurationReference = 3C7B562C5A11A2A592F5C3F2 /* Pods-MovieViewer.release.xcconfig */;
			buildSettings = {
				ASSETCATALOG_COMPILER_APPICON_NAME = AppIcon;
				INFOPLIST_FILE = MovieViewer/Info.plist;
				LD_RUNPATH_SEARCH_PATHS = "$(inherited) @executable_path/Frameworks";
				PRODUCT_BUNDLE_IDENTIFIER = "com.timothy-mak.MovieViewer";
				PRODUCT_NAME = "$(TARGET_NAME)";
				SWIFT_VERSION = 3.0;
			};
			name = Release;
		};
/* End XCBuildConfiguration section */

/* Begin XCConfigurationList section */
		C99D59831E286EA7000C8C98 /* Build configuration list for PBXProject "MovieViewer" */ = {
			isa = XCConfigurationList;
			buildConfigurations = (
				C99D59981E286EA7000C8C98 /* Debug */,
				C99D59991E286EA7000C8C98 /* Release */,
			);
			defaultConfigurationIsVisible = 0;
			defaultConfigurationName = Release;
		};
		C99D599A1E286EA7000C8C98 /* Build configuration list for PBXNativeTarget "MovieViewer" */ = {
			isa = XCConfigurationList;
			buildConfigurations = (
				C99D599B1E286EA7000C8C98 /* Debug */,
				C99D599C1E286EA7000C8C98 /* Release */,
			);
			defaultConfigurationIsVisible = 0;
			defaultConfigurationName = Release;
		};
/* End XCConfigurationList section */
	};
	rootObject = C99D59801E286EA7000C8C98 /* Project object */;
}
